
Microsoft Visual Studio Solution File, Format Version 11.00
# Visual C# Express 2010
Project("{FAE04EC0-301F-11D3-BF4B-00C04F79EFBC}") = "basura", "basura\basura.csproj", "{50EE5D1A-738A-44B6-801C-527522DC14D7}"
EndProject
Global
	GlobalSection(SolutionConfigurationPlatforms) = preSolution
		Debug|x86 = Debug|x86
		Release|x86 = Release|x86
	EndGlobalSection
	GlobalSection(ProjectConfigurationPlatforms) = postSolution
		{50EE5D1A-738A-44B6-801C-527522DC14D7}.Debug|x86.ActiveCfg = Debug|x86
		{50EE5D1A-738A-44B6-801C-527522DC14D7}.Debug|x86.Build.0 = Debug|x86
		{50EE5D1A-738A-44B6-801C-527522DC14D7}.Release|x86.ActiveCfg = Release|x86
		{50EE5D1A-738A-44B6-801C-527522DC14D7}.Release|x86.Build.0 = Release|x86
	EndGlobalSection
	GlobalSection(SolutionProperties) = preSolution
		HideSolutionNode = FALSE
	EndGlobalSection
EndGlobal
